// !$*UTF8*$!
{
	archiveVersion = 1;
	classes = {
	};
	objectVersion = 50;
	objects = {

/* Begin PBXBuildFile section */
		ACA8740924F1107F00DF1CA4 /* AppDelegate.swift in Sources */ = {isa = PBXBuildFile; fileRef = ACA8740824F1107F00DF1CA4 /* AppDelegate.swift */; };
		ACA8740B24F1107F00DF1CA4 /* SceneDelegate.swift in Sources */ = {isa = PBXBuildFile; fileRef = ACA8740A24F1107F00DF1CA4 /* SceneDelegate.swift */; };
		ACA8740D24F1107F00DF1CA4 /* ColorChangerViewController.swift in Sources */ = {isa = PBXBuildFile; fileRef = ACA8740C24F1107F00DF1CA4 /* ColorChangerViewController.swift */; };
		ACA8741024F1107F00DF1CA4 /* Main.storyboard in Resources */ = {isa = PBXBuildFile; fileRef = ACA8740E24F1107F00DF1CA4 /* Main.storyboard */; };
		ACA8741224F1108000DF1CA4 /* Assets.xcassets in Resources */ = {isa = PBXBuildFile; fileRef = ACA8741124F1108000DF1CA4 /* Assets.xcassets */; };
		ACA8741524F1108000DF1CA4 /* LaunchScreen.storyboard in Resources */ = {isa = PBXBuildFile; fileRef = ACA8741324F1108000DF1CA4 /* LaunchScreen.storyboard */; };
		ACA8744225052ADC00DF1CA4 /* StartViewController.swift in Sources */ = {isa = PBXBuildFile; fileRef = ACA8744125052ADC00DF1CA4 /* StartViewController.swift */; };
/* End PBXBuildFile section */

/* Begin PBXFileReference section */
		ACA8740524F1107F00DF1CA4 /* homework 2.2.app */ = {isa = PBXFileReference; explicitFileType = wrapper.application; includeInIndex = 0; path = "homework 2.2.app"; sourceTree = BUILT_PRODUCTS_DIR; };
		ACA8740824F1107F00DF1CA4 /* AppDelegate.swift */ = {isa = PBXFileReference; lastKnownFileType = sourcecode.swift; path = AppDelegate.swift; sourceTree = "<group>"; };
		ACA8740A24F1107F00DF1CA4 /* SceneDelegate.swift */ = {isa = PBXFileReference; lastKnownFileType = sourcecode.swift; path = SceneDelegate.swift; sourceTree = "<group>"; };
		ACA8740C24F1107F00DF1CA4 /* ColorChangerViewController.swift */ = {isa = PBXFileReference; lastKnownFileType = sourcecode.swift; path = ColorChangerViewController.swift; sourceTree = "<group>"; };
		ACA8740F24F1107F00DF1CA4 /* Base */ = {isa = PBXFileReference; lastKnownFileType = file.storyboard; name = Base; path = Base.lproj/Main.storyboard; sourceTree = "<group>"; };
		ACA8741124F1108000DF1CA4 /* Assets.xcassets */ = {isa = PBXFileReference; lastKnownFileType = folder.assetcatalog; path = Assets.xcassets; sourceTree = "<group>"; };
		ACA8741424F1108000DF1CA4 /* Base */ = {isa = PBXFileReference; lastKnownFileType = file.storyboard; name = Base; path = Base.lproj/LaunchScreen.storyboard; sourceTree = "<group>"; };
		ACA8741624F1108000DF1CA4 /* Info.plist */ = {isa = PBXFileReference; lastKnownFileType = text.plist.xml; path = Info.plist; sourceTree = "<group>"; };
		ACA8744125052ADC00DF1CA4 /* StartViewController.swift */ = {isa = PBXFileReference; lastKnownFileType = sourcecode.swift; path = StartViewController.swift; sourceTree = "<group>"; };
/* End PBXFileReference section */

/* Begin PBXFrameworksBuildPhase section */
		ACA8740224F1107F00DF1CA4 /* Frameworks */ = {
			isa = PBXFrameworksBuildPhase;
			buildActionMask = 2147483647;
			files = (
			);
			runOnlyForDeploymentPostprocessing = 0;
		};
/* End PBXFrameworksBuildPhase section */

/* Begin PBXGroup section */
		ACA873FC24F1107F00DF1CA4 = {
			isa = PBXGroup;
			children = (
				ACA8740724F1107F00DF1CA4 /* homework 2.2 */,
				ACA8740624F1107F00DF1CA4 /* Products */,
			);
			sourceTree = "<group>";
		};
		ACA8740624F1107F00DF1CA4 /* Products */ = {
			isa = PBXGroup;
			children = (
				ACA8740524F1107F00DF1CA4 /* homework 2.2.app */,
			);
			name = Products;
			sourceTree = "<group>";
		};
		ACA8740724F1107F00DF1CA4 /* homework 2.2 */ = {
			isa = PBXGroup;
			children = (
				ACA8740824F1107F00DF1CA4 /* AppDelegate.swift */,
				ACA8740A24F1107F00DF1CA4 /* SceneDelegate.swift */,
				ACA8740C24F1107F00DF1CA4 /* ColorChangerViewController.swift */,
				ACA8740E24F1107F00DF1CA4 /* Main.storyboard */,
				ACA8744125052ADC00DF1CA4 /* StartViewController.swift */,
				ACA8741124F1108000DF1CA4 /* Assets.xcassets */,
				ACA8741324F1108000DF1CA4 /* LaunchScreen.storyboard */,
				ACA8741624F1108000DF1CA4 /* Info.plist */,
			);
			path = "homework 2.2";
			sourceTree = "<group>";
		};
/* End PBXGroup section */

/* Begin PBXNativeTarget section */
		ACA8740424F1107F00DF1CA4 /* homework 2.2 */ = {
			isa = PBXNativeTarget;
			buildConfigurationList = ACA8741924F1108000DF1CA4 /* Build configuration list for PBXNativeTarget "homework 2.2" */;
			buildPhases = (
				ACA8740124F1107F00DF1CA4 /* Sources */,
				ACA8740224F1107F00DF1CA4 /* Frameworks */,
				ACA8740324F1107F00DF1CA4 /* Resources */,
			);
			buildRules = (
			);
			dependencies = (
			);
			name = "homework 2.2";
			productName = "homework 2.2";
			productReference = ACA8740524F1107F00DF1CA4 /* homework 2.2.app */;
			productType = "com.apple.product-type.application";
		};
/* End PBXNativeTarget section */

/* Begin PBXProject section */
		ACA873FD24F1107F00DF1CA4 /* Project object */ = {
			isa = PBXProject;
			attributes = {
				LastSwiftUpdateCheck = 1150;
				LastUpgradeCheck = 1150;
				ORGANIZATIONNAME = "Artem Golubev";
				TargetAttributes = {
					ACA8740424F1107F00DF1CA4 = {
						CreatedOnToolsVersion = 11.5;
					};
				};
			};
			buildConfigurationList = ACA8740024F1107F00DF1CA4 /* Build configuration list for PBXProject "homework 2.2" */;
			compatibilityVersion = "Xcode 9.3";
			developmentRegion = en;
			hasScannedForEncodings = 0;
			knownRegions = (
				en,
				Base,
			);
			mainGroup = ACA873FC24F1107F00DF1CA4;
			productRefGroup = ACA8740624F1107F00DF1CA4 /* Products */;
			projectDirPath = "";
			projectRoot = "";
			targets = (
				ACA8740424F1107F00DF1CA4 /* homework 2.2 */,
			);
		};
/* End PBXProject section */

/* Begin PBXResourcesBuildPhase section */
		ACA8740324F1107F00DF1CA4 /* Resources */ = {
			isa = PBXResourcesBuildPhase;
			buildActionMask = 2147483647;
			files = (
				ACA8741524F1108000DF1CA4 /* LaunchScreen.storyboard in Resources */,
				ACA8741224F1108000DF1CA4 /* Assets.xcassets in Resources */,
				ACA8741024F1107F00DF1CA4 /* Main.storyboard in Resources */,
			);
			runOnlyForDeploymentPostprocessing = 0;
		};
/* End PBXResourcesBuildPhase section */

/* Begin PBXSourcesBuildPhase section */
		ACA8740124F1107F00DF1CA4 /* Sources */ = {
			isa = PBXSourcesBuildPhase;
			buildActionMask = 2147483647;
			files = (
				ACA8740D24F1107F00DF1CA4 /* ColorChangerViewController.swift in Sources */,
				ACA8744225052ADC00DF1CA4 /* StartViewController.swift in Sources */,
				ACA8740924F1107F00DF1CA4 /* AppDelegate.swift in Sources */,
				ACA8740B24F1107F00DF1CA4 /* SceneDelegate.swift in Sources */,
			);
			runOnlyForDeploymentPostprocessing = 0;
		};
/* End PBXSourcesBuildPhase section */

/* Begin PBXVariantGroup section */
		ACA8740E24F1107F00DF1CA4 /* Main.storyboard */ = {
			isa = PBXVariantGroup;
			children = (
				ACA8740F24F1107F00DF1CA4 /* Base */,
			);
			name = Main.storyboard;
			sourceTree = "<group>";
		};
		ACA8741324F1108000DF1CA4 /* LaunchScreen.storyboard */ = {
			isa = PBXVariantGroup;
			children = (
				ACA8741424F1108000DF1CA4 /* Base */,
			);
			name = LaunchScreen.storyboard;
			sourceTree = "<group>";
		};
/* End PBXVariantGroup section */

/* Begin XCBuildConfiguration section */
		ACA8741724F1108000DF1CA4 /* Debug */ = {
			isa = XCBuildConfiguration;
			buildSettings = {
				ALWAYS_SEARCH_USER_PATHS = NO;
				CLANG_ANALYZER_NONNULL = YES;
				CLANG_ANALYZER_NUMBER_OBJECT_CONVERSION = YES_AGGRESSIVE;
				CLANG_CXX_LANGUAGE_STANDARD = "gnu++14";
				CLANG_CXX_LIBRARY = "libc++";
				CLANG_ENABLE_MODULES = YES;
				CLANG_ENABLE_OBJC_ARC = YES;
				CLANG_ENABLE_OBJC_WEAK = YES;
				CLANG_WARN_BLOCK_CAPTURE_AUTORELEASING = YES;
				CLANG_WARN_BOOL_CONVERSION = YES;
				CLANG_WARN_COMMA = YES;
				CLANG_WARN_CONSTANT_CONVERSION = YES;
				CLANG_WARN_DEPRECATED_OBJC_IMPLEMENTATIONS = YES;
				CLANG_WARN_DIRECT_OBJC_ISA_USAGE = YES_ERROR;
				CLANG_WARN_DOCUMENTATION_COMMENTS = YES;
				CLANG_WARN_EMPTY_BODY = YES;
				CLANG_WARN_ENUM_CONVERSION = YES;
				CLANG_WARN_INFINITE_RECURSION = YES;
				CLANG_WARN_INT_CONVERSION = YES;
				CLANG_WARN_NON_LITERAL_NULL_CONVERSION = YES;
				CLANG_WARN_OBJC_IMPLICIT_RETAIN_SELF = YES;
				CLANG_WARN_OBJC_LITERAL_CONVERSION = YES;
				CLANG_WARN_OBJC_ROOT_CLASS = YES_ERROR;
				CLANG_WARN_RANGE_LOOP_ANALYSIS = YES;
				CLANG_WARN_STRICT_PROTOTYPES = YES;
				CLANG_WARN_SUSPICIOUS_MOVE = YES;
				CLANG_WARN_UNGUARDED_AVAILABILITY = YES_AGGRESSIVE;
				CLANG_WARN_UNREACHABLE_CODE = YES;
				CLANG_WARN__DUPLICATE_METHOD_MATCH = YES;
				COPY_PHASE_STRIP = NO;
				DEBUG_INFORMATION_FORMAT = dwarf;
				ENABLE_STRICT_OBJC_MSGSEND = YES;
				ENABLE_TESTABILITY = YES;
				GCC_C_LANGUAGE_STANDARD = gnu11;
				GCC_DYNAMIC_NO_PIC = NO;
				GCC_NO_COMMON_BLOCKS = YES;
				GCC_OPTIMIZATION_LEVEL = 0;
				GCC_PREPROCESSOR_DEFINITIONS = (
					"DEBUG=1",
					"$(inherited)",
				);
				GCC_WARN_64_TO_32_BIT_CONVERSION = YES;
				GCC_WARN_ABOUT_RETURN_TYPE = YES_ERROR;
				GCC_WARN_UNDECLARED_SELECTOR = YES;
				GCC_WARN_UNINITIALIZED_AUTOS = YES_AGGRESSIVE;
				GCC_WARN_UNUSED_FUNCTION = YES;
				GCC_WARN_UNUSED_VARIABLE = YES;
				IPHONEOS_DEPLOYMENT_TARGET = 13.5;
				MTL_ENABLE_DEBUG_INFO = INCLUDE_SOURCE;
				MTL_FAST_MATH = YES;
				ONLY_ACTIVE_ARCH = YES;
				SDKROOT = iphoneos;
				SWIFT_ACTIVE_COMPILATION_CONDITIONS = DEBUG;
				SWIFT_OPTIMIZATION_LEVEL = "-Onone";
			};
			name = Debug;
		};
		ACA8741824F1108000DF1CA4 /* Release */ = {
			isa = XCBuildConfiguration;
			buildSettings = {
				ALWAYS_SEARCH_USER_PATHS = NO;
				CLANG_ANALYZER_NONNULL = YES;
				CLANG_ANALYZER_NUMBER_OBJECT_CONVERSION = YES_AGGRESSIVE;
				CLANG_CXX_LANGUAGE_STANDARD = "gnu++14";
				CLANG_CXX_LIBRARY = "libc++";
				CLANG_ENABLE_MODULES = YES;
				CLANG_ENABLE_OBJC_ARC = YES;
				CLANG_ENABLE_OBJC_WEAK = YES;
				CLANG_WARN_BLOCK_CAPTURE_AUTORELEASING = YES;
				CLANG_WARN_BOOL_CONVERSION = YES;
				CLANG_WARN_COMMA = YES;
				CLANG_WARN_CONSTANT_CONVERSION = YES;
				CLANG_WARN_DEPRECATED_OBJC_IMPLEMENTATIONS = YES;
				CLANG_WARN_DIRECT_OBJC_ISA_USAGE = YES_ERROR;
				CLANG_WARN_DOCUMENTATION_COMMENTS = YES;
				CLANG_WARN_EMPTY_BODY = YES;
				CLANG_WARN_ENUM_CONVERSION = YES;
				CLANG_WARN_INFINITE_RECURSION = YES;
				CLANG_WARN_INT_CONVERSION = YES;
				CLANG_WARN_NON_LITERAL_NULL_CONVERSION = YES;
				CLANG_WARN_OBJC_IMPLICIT_RETAIN_SELF = YES;
				CLANG_WARN_OBJC_LITERAL_CONVERSION = YES;
				CLANG_WARN_OBJC_ROOT_CLASS = YES_ERROR;
				CLANG_WARN_RANGE_LOOP_ANALYSIS = YES;
				CLANG_WARN_STRICT_PROTOTYPES = YES;
				CLANG_WARN_SUSPICIOUS_MOVE = YES;
				CLANG_WARN_UNGUARDED_AVAILABILITY = YES_AGGRESSIVE;
				CLANG_WARN_UNREACHABLE_CODE = YES;
				CLANG_WARN__DUPLICATE_METHOD_MATCH = YES;
				COPY_PHASE_STRIP = NO;
				DEBUG_INFORMATION_FORMAT = "dwarf-with-dsym";
				ENABLE_NS_ASSERTIONS = NO;
				ENABLE_STRICT_OBJC_MSGSEND = YES;
				GCC_C_LANGUAGE_STANDARD = gnu11;
				GCC_NO_COMMON_BLOCKS = YES;
				GCC_WARN_64_TO_32_BIT_CONVERSION = YES;
				GCC_WARN_ABOUT_RETURN_TYPE = YES_ERROR;
				GCC_WARN_UNDECLARED_SELECTOR = YES;
				GCC_WARN_UNINITIALIZED_AUTOS = YES_AGGRESSIVE;
				GCC_WARN_UNUSED_FUNCTION = YES;
				GCC_WARN_UNUSED_VARIABLE = YES;
				IPHONEOS_DEPLOYMENT_TARGET = 13.5;
				MTL_ENABLE_DEBUG_INFO = NO;
				MTL_FAST_MATH = YES;
				SDKROOT = iphoneos;
				SWIFT_COMPILATION_MODE = wholemodule;
				SWIFT_OPTIMIZATION_LEVEL = "-O";
				VALIDATE_PRODUCT = YES;
			};
			name = Release;
		};
		ACA8741A24F1108000DF1CA4 /* Debug */ = {
			isa = XCBuildConfiguration;
			buildSettings = {
				ASSETCATALOG_COMPILER_APPICON_NAME = AppIcon;
				CODE_SIGN_STYLE = Automatic;
				DEVELOPMENT_TEAM = 89B6D3S2RA;
				INFOPLIST_FILE = "homework 2.2/Info.plist";
				LD_RUNPATH_SEARCH_PATHS = (
					"$(inherited)",
					"@executable_path/Frameworks",
				);
				PRODUCT_BUNDLE_IDENTIFIER = "com.ArtemGolubev.homework-2-2";
				PRODUCT_NAME = "homework 2.2";
				SWIFT_VERSION = 5.0;
				TARGETED_DEVICE_FAMILY = "1,2";
			};
			name = Debug;
		};
		ACA8741B24F1108000DF1CA4 /* Release */ = {
			isa = XCBuildConfiguration;
			buildSettings = {
				ASSETCATALOG_COMPILER_APPICON_NAME = AppIcon;
				CODE_SIGN_STYLE = Automatic;
				DEVELOPMENT_TEAM = 89B6D3S2RA;
				INFOPLIST_FILE = "homework 2.2/Info.plist";
				LD_RUNPATH_SEARCH_PATHS = (
					"$(inherited)",
					"@executable_path/Frameworks",
				);
				PRODUCT_BUNDLE_IDENTIFIER = "com.ArtemGolubev.homework-2-2";
				PRODUCT_NAME = "homework 2.2";
				SWIFT_VERSION = 5.0;
				TARGETED_DEVICE_FAMILY = "1,2";
			};
			name = Release;
		};
/* End XCBuildConfiguration section */

/* Begin XCConfigurationList section */
		ACA8740024F1107F00DF1CA4 /* Build configuration list for PBXProject "homework 2.2" */ = {
			isa = XCConfigurationList;
			buildConfigurations = (
				ACA8741724F1108000DF1CA4 /* Debug */,
				ACA8741824F1108000DF1CA4 /* Release */,
			);
			defaultConfigurationIsVisible = 0;
			defaultConfigurationName = Release;
		};
		ACA8741924F1108000DF1CA4 /* Build configuration list for PBXNativeTarget "homework 2.2" */ = {
			isa = XCConfigurationList;
			buildConfigurations = (
				ACA8741A24F1108000DF1CA4 /* Debug */,
				ACA8741B24F1108000DF1CA4 /* Release */,
			);
			defaultConfigurationIsVisible = 0;
			defaultConfigurationName = Release;
		};
/* End XCConfigurationList section */
	};
	rootObject = ACA873FD24F1107F00DF1CA4 /* Project object */;
}
